
Microsoft Visual Studio Solution File, Format Version 12.00
# Visual Studio 2015
Project("{FAE04EC0-301F-11D3-BF4B-00C04F79EFBC}") = "TowerDef.CSharp.Plugins", "TowerDef.CSharp.Plugins.csproj", "{4A081479-5FB9-3563-6642-A410F1A15D57}"
EndProject
Project("{FAE04EC0-301F-11D3-BF4B-00C04F79EFBC}") = "TowerDef.CSharp", "TowerDef.CSharp.csproj", "{7CBC5DCE-BF62-C7CD-0108-9D245AC22D73}"
EndProject
Project("{FAE04EC0-301F-11D3-BF4B-00C04F79EFBC}") = "TowerDef.CSharp.Editor", "TowerDef.CSharp.Editor.csproj", "{53421ABE-43E0-F544-D0FB-D2D086C1018E}"
EndProject
Global
	GlobalSection(SolutionConfigurationPlatforms) = preSolution
		Debug|Any CPU = Debug|Any CPU
		Release|Any CPU = Release|Any CPU
	EndGlobalSection
	GlobalSection(ProjectConfigurationPlatforms) = postSolution
		{4A081479-5FB9-3563-6642-A410F1A15D57}.Debug|Any CPU.ActiveCfg = Debug|Any CPU
		{4A081479-5FB9-3563-6642-A410F1A15D57}.Debug|Any CPU.Build.0 = Debug|Any CPU
		{4A081479-5FB9-3563-6642-A410F1A15D57}.Release|Any CPU.ActiveCfg = Release|Any CPU
		{4A081479-5FB9-3563-6642-A410F1A15D57}.Release|Any CPU.Build.0 = Release|Any CPU
		{7CBC5DCE-BF62-C7CD-0108-9D245AC22D73}.Debug|Any CPU.ActiveCfg = Debug|Any CPU
		{7CBC5DCE-BF62-C7CD-0108-9D245AC22D73}.Debug|Any CPU.Build.0 = Debug|Any CPU
		{7CBC5DCE-BF62-C7CD-0108-9D245AC22D73}.Release|Any CPU.ActiveCfg = Release|Any CPU
		{7CBC5DCE-BF62-C7CD-0108-9D245AC22D73}.Release|Any CPU.Build.0 = Release|Any CPU
		{53421ABE-43E0-F544-D0FB-D2D086C1018E}.Debug|Any CPU.ActiveCfg = Debug|Any CPU
		{53421ABE-43E0-F544-D0FB-D2D086C1018E}.Debug|Any CPU.Build.0 = Debug|Any CPU
		{53421ABE-43E0-F544-D0FB-D2D086C1018E}.Release|Any CPU.ActiveCfg = Release|Any CPU
		{53421ABE-43E0-F544-D0FB-D2D086C1018E}.Release|Any CPU.Build.0 = Release|Any CPU
	EndGlobalSection
	GlobalSection(SolutionProperties) = preSolution
		HideSolutionNode = FALSE
	EndGlobalSection
EndGlobal
